
Microsoft Visual Studio Solution File, Format Version 12.00
# Visual Studio Version 17
VisualStudioVersion = 17.11.35208.52
MinimumVisualStudioVersion = 10.0.40219.1
Project("{FAE04EC0-301F-11D3-BF4B-00C04F79EFBC}") = "Usuarios.Api", "Usuarios.Api.csproj", "{E5284615-6DFC-4829-8D98-F5B8ED5BF172}"
EndProject
Project("{FAE04EC0-301F-11D3-BF4B-00C04F79EFBC}") = "TestProjectApi", "..\TestProjectApi\TestProjectApi.csproj", "{5B106B18-1170-44E8-B769-480D958B8A9B}"
EndProject
Global
	GlobalSection(SolutionConfigurationPlatforms) = preSolution
		Debug|Any CPU = Debug|Any CPU
		Release|Any CPU = Release|Any CPU
	EndGlobalSection
	GlobalSection(ProjectConfigurationPlatforms) = postSolution
		{E5284615-6DFC-4829-8D98-F5B8ED5BF172}.Debug|Any CPU.ActiveCfg = Debug|Any CPU
		{E5284615-6DFC-4829-8D98-F5B8ED5BF172}.Debug|Any CPU.Build.0 = Debug|Any CPU
		{E5284615-6DFC-4829-8D98-F5B8ED5BF172}.Release|Any CPU.ActiveCfg = Release|Any CPU
		{E5284615-6DFC-4829-8D98-F5B8ED5BF172}.Release|Any CPU.Build.0 = Release|Any CPU
		{5B106B18-1170-44E8-B769-480D958B8A9B}.Debug|Any CPU.ActiveCfg = Debug|Any CPU
		{5B106B18-1170-44E8-B769-480D958B8A9B}.Debug|Any CPU.Build.0 = Debug|Any CPU
		{5B106B18-1170-44E8-B769-480D958B8A9B}.Release|Any CPU.ActiveCfg = Release|Any CPU
		{5B106B18-1170-44E8-B769-480D958B8A9B}.Release|Any CPU.Build.0 = Release|Any CPU
	EndGlobalSection
	GlobalSection(SolutionProperties) = preSolution
		HideSolutionNode = FALSE
	EndGlobalSection
	GlobalSection(ExtensibilityGlobals) = postSolution
		SolutionGuid = {F3682E69-A723-4D7E-A9D9-0E6ECBBA3ACE}
	EndGlobalSection
EndGlobal
